// !$*UTF8*$!
{
	archiveVersion = 1;
	classes = {
	};
	objectVersion = 77;
	objects = {

/* Begin PBXBuildFile section */
		01E5D1A5C0708BED1B96156C /* CoreDataBookRepositoryTests.swift in Sources */ = {isa = PBXBuildFile; fileRef = 67B6C35A7720F74DAEAA69E5 /* CoreDataBookRepositoryTests.swift */; };
		078EECDA9B24D599D58C5489 /* ListeningViewModel.swift in Sources */ = {isa = PBXBuildFile; fileRef = DE4836BB2D2B1747CD73A9B7 /* ListeningViewModel.swift */; };
		08F3C4A6226D4B11AC89F994 /* AppStateRestorer.swift in Sources */ = {isa = PBXBuildFile; fileRef = 73A56E9F8D3D49C8A87A6723 /* AppStateRestorer.swift */; };
		0A81EF6A389ABEA5396C005E /* TXTDecoderTests.swift in Sources */ = {isa = PBXBuildFile; fileRef = 121780689DF3EB46A0BED167 /* TXTDecoderTests.swift */; };
		0C188DBE898F6E216C10610F /* AppDependenciesTests.swift in Sources */ = {isa = PBXBuildFile; fileRef = C5A1B77A4511F31CC6883810 /* AppDependenciesTests.swift */; };
		0D87C59E6B7141039E482D11 /* AppStateRestorerTests.swift in Sources */ = {isa = PBXBuildFile; fileRef = 6C77F432E0954D32A9CF19BD /* AppStateRestorerTests.swift */; };
		127FD13EA9FAA94EBED4DF45 /* ReadiumShared in Frameworks */ = {isa = PBXBuildFile; productRef = 36F09C703D66AC7B4F8BDC8B /* ReadiumShared */; };
		12B148CFE842D781993A22CB /* EPUBBuilder.swift in Sources */ = {isa = PBXBuildFile; fileRef = 354E1AEC4FAFD7E4DE85CC1C /* EPUBBuilder.swift */; };
		182773471A54B314A6861083 /* Book.swift in Sources */ = {isa = PBXBuildFile; fileRef = 53038ED097129FD8615221D2 /* Book.swift */; };
		1AE3C45974D37EBBCF943516 /* SpeechSessionCoordinator.swift in Sources */ = {isa = PBXBuildFile; fileRef = CCA46761186B050858F59AF5 /* SpeechSessionCoordinator.swift */; };
		1BA719D63ACDD035D1DF00DC /* BookFormat.swift in Sources */ = {isa = PBXBuildFile; fileRef = 3F0D382848817610EFA827F5 /* BookFormat.swift */; };
		1DE94E400D2CA599C450BC0A /* ImportError.swift in Sources */ = {isa = PBXBuildFile; fileRef = F1609B0203CC8EF541250D12 /* ImportError.swift */; };
		22972693946E06B0A1B83843 /* RemoteCommandControllerTests.swift in Sources */ = {isa = PBXBuildFile; fileRef = 444ABF0CCB4EBA2BBC563E3A /* RemoteCommandControllerTests.swift */; };
		2543A31E01317FA9B7F28230 /* gb18030-novel.txt in Resources */ = {isa = PBXBuildFile; fileRef = DF0D993E08B011B1B93B076B /* gb18030-novel.txt */; };
		26B40611AFD8716F2FB5A89B /* PersistenceController.swift in Sources */ = {isa = PBXBuildFile; fileRef = 0695FD82E44D0C56A5DAD98D /* PersistenceController.swift */; };
		2AAEE1EE5882194C610F114D /* ProjectSmokeTests.swift in Sources */ = {isa = PBXBuildFile; fileRef = D656EAE5C8A86A97797894F7 /* ProjectSmokeTests.swift */; };
		2ACF8948FDFC92742C69A40B /* EPUBNavigatorController.swift in Sources */ = {isa = PBXBuildFile; fileRef = 550F324872898A54DF3E7FEE /* EPUBNavigatorController.swift */; };
		2CB72259C57B959C6E6C1B8B /* ReadiumContainer.swift in Sources */ = {isa = PBXBuildFile; fileRef = 49A4863B7B8E5F5CE83611C6 /* ReadiumContainer.swift */; };
		2E12F7B33B5283C34FEA2306 /* SettingsView.swift in Sources */ = {isa = PBXBuildFile; fileRef = C1EC76099AED3519CEC49B4B /* SettingsView.swift */; };
		357AF65B5283E457247E6C6D /* DocumentPicker.swift in Sources */ = {isa = PBXBuildFile; fileRef = A66BA92CC87F7361A3224B61 /* DocumentPicker.swift */; };
		36EA2BC20ACCD6882B28C641 /* BookFormatDetectorTests.swift in Sources */ = {isa = PBXBuildFile; fileRef = 36550A1F66EFEEE89E458A68 /* BookFormatDetectorTests.swift */; };
		38C538DDF9F764CF59A9865D /* BookRepository.swift in Sources */ = {isa = PBXBuildFile; fileRef = 1302C69FF12AB105064DCFE2 /* BookRepository.swift */; };
		3A5C293EAE9AE10A6719C8E2 /* RootTabView.swift in Sources */ = {isa = PBXBuildFile; fileRef = 4B525D4A979008B7CF9F2400 /* RootTabView.swift */; };
		3D56B15646449135D31A7CCF /* ChapterParserTests.swift in Sources */ = {isa = PBXBuildFile; fileRef = 8028421A4B235F9F7178AFF4 /* ChapterParserTests.swift */; };
		414B8183D1E7F0BFA90444D6 /* BookFormatDetector.swift in Sources */ = {isa = PBXBuildFile; fileRef = C43FADF4BA8323E3A9C52F4C /* BookFormatDetector.swift */; };
		440A758D8C1FED1EBFE8BF92 /* protected.epub in Resources */ = {isa = PBXBuildFile; fileRef = EABAE613B5FE73BF55BDE64C /* protected.epub */; };
		49340BB5130F27B69DD08CE1 /* AppTab.swift in Sources */ = {isa = PBXBuildFile; fileRef = 0A6B898F8756837F9E0F9A0B /* AppTab.swift */; };
		4F5D96AA4C1FE11BC3FA5011 /* BookFileStore.swift in Sources */ = {isa = PBXBuildFile; fileRef = F5987B62E1F92A79B2753E3D /* BookFileStore.swift */; };
		53E737F5D3EB1D831F2B1353 /* PublicationService.swift in Sources */ = {isa = PBXBuildFile; fileRef = 6191ACBD0398BF99541BE2F1 /* PublicationService.swift */; };
		5526FFF482F85B19E721B18D /* DocumentPickerTests.swift in Sources */ = {isa = PBXBuildFile; fileRef = 9D4B51F937D73790C1F28DF9 /* DocumentPickerTests.swift */; };
		571C92C193D100A2C93EB0D7 /* LibraryView.swift in Sources */ = {isa = PBXBuildFile; fileRef = F40F617D2E30B89515CE45B8 /* LibraryView.swift */; };
		5969C7FFC251635EAAA24D4A /* ImportState.swift in Sources */ = {isa = PBXBuildFile; fileRef = 8980D2AA6AE14CABEF3305D5 /* ImportState.swift */; };
		5A2D505873046D1B0D3A83DB /* ListeningView.swift in Sources */ = {isa = PBXBuildFile; fileRef = 70A541EA742A8D0C158665AA /* ListeningView.swift */; };
		6071F2D0BDFBFAD331541CBE /* AccessibleIconButton.swift in Sources */ = {isa = PBXBuildFile; fileRef = ADE8A4C689E8B676410F69FE /* AccessibleIconButton.swift */; };
		6138660F7F21239AF70924A6 /* ReaderToolbar.swift in Sources */ = {isa = PBXBuildFile; fileRef = 86C7BA53538B2EFC917323B8 /* ReaderToolbar.swift */; };
		66BAD6AE00AA535DACD5454B /* MiniPlayerView.swift in Sources */ = {isa = PBXBuildFile; fileRef = B4C542DDA5492D0CEFDB5B16 /* MiniPlayerView.swift */; };
		6C735891E58182149C4B4097 /* SpeechService.swift in Sources */ = {isa = PBXBuildFile; fileRef = 52CB71C8767FC9DF9A686C6D /* SpeechService.swift */; };
		6DEC0C33E2552DF52396EF57 /* AppLaunchUITests.swift in Sources */ = {isa = PBXBuildFile; fileRef = 665A27A1A5EF2F442C562D7B /* AppLaunchUITests.swift */; };
		79FDECE0FDE766B413E4B024 /* PreferencesStore.swift in Sources */ = {isa = PBXBuildFile; fileRef = E710520845DBFD254635FEDC /* PreferencesStore.swift */; };
		7C80FDDA24454D67762E9C32 /* DesignTokensTests.swift in Sources */ = {isa = PBXBuildFile; fileRef = 09EF7FE4CADB435F6E7A925D /* DesignTokensTests.swift */; };
		7F9DB1138F2D029B10E8329B /* malformed.epub in Resources */ = {isa = PBXBuildFile; fileRef = 6B63823F6A2C7918E908003D /* malformed.epub */; };
		806ECDADF5E4CF9B1D9D780D /* PureVoiceApp.swift in Sources */ = {isa = PBXBuildFile; fileRef = 7CD33896F2BED7FCBBC0156E /* PureVoiceApp.swift */; };
		80A5C1DC2B7CEDB5F6469BB8 /* utf8-novel.txt in Resources */ = {isa = PBXBuildFile; fileRef = 7429F8FE2067F0BE964033A9 /* utf8-novel.txt */; };
		836FCE637F4319A5E8408F86 /* ReadingPosition.swift in Sources */ = {isa = PBXBuildFile; fileRef = FB62BB69DBEFED245AC3DA95 /* ReadingPosition.swift */; };
		84B8E02F96884758B7598F46 /* Localizable.strings in Resources */ = {isa = PBXBuildFile; fileRef = 9F6F8446F9CE41A99CDE5221 /* Localizable.strings */; };
		87909EE856128F1AE257E5EF /* LibraryAccessibilityUITests.swift in Sources */ = {isa = PBXBuildFile; fileRef = 05641AD1149C3D98463B43A4 /* LibraryAccessibilityUITests.swift */; };
		88D5751EAA40555324007F89 /* BookRow.swift in Sources */ = {isa = PBXBuildFile; fileRef = 98F943AA79DBD848EAF1FAA7 /* BookRow.swift */; };
		8989A1176D6E0C3F748EEA11 /* ReaderViewModel.swift in Sources */ = {isa = PBXBuildFile; fileRef = D34DDAEA8D413DB12D374F82 /* ReaderViewModel.swift */; };
		8A60C3C9C22877BF69D4FA7D /* ContinueReadingSection.swift in Sources */ = {isa = PBXBuildFile; fileRef = 2DA2209A99103072CA22F081 /* ContinueReadingSection.swift */; };
		8C8D147FDF84497DD0091985 /* CoreDataBookRepository.swift in Sources */ = {isa = PBXBuildFile; fileRef = 9A930E0E50005BC7846151BA /* CoreDataBookRepository.swift */; };
		8D3D2D40A544F155F9528FCE /* SettingsAccessibilityUITests.swift in Sources */ = {isa = PBXBuildFile; fileRef = C1F4978A451E588E2F3E5673 /* SettingsAccessibilityUITests.swift */; };
		9732A3B50EAB905EE838C55A /* PreferencesStoreTests.swift in Sources */ = {isa = PBXBuildFile; fileRef = A95539E428C14E72CD29CFFB /* PreferencesStoreTests.swift */; };
		98B7C8A21066477AA09B76D2 /* UserFacingErrorTests.swift in Sources */ = {isa = PBXBuildFile; fileRef = 2C534A89D77F4D61B992C80A /* UserFacingErrorTests.swift */; };
		99BA489C8C0F4C6E83AC6345 /* UserFacingError.swift in Sources */ = {isa = PBXBuildFile; fileRef = E3E6D9C2E47F496FA01E0F21 /* UserFacingError.swift */; };
		975C8980863FE7FEB4980CBA /* EPUBBuilderTests.swift in Sources */ = {isa = PBXBuildFile; fileRef = C91FC388BEDF728715C2C5FF /* EPUBBuilderTests.swift */; };
		9BD5298EF362DEA9782AB744 /* ImportPipelineConverter.swift in Sources */ = {isa = PBXBuildFile; fileRef = 9FF712F1A45A59CDEAB6E81A /* ImportPipelineConverter.swift */; };
		A63DB4CA9C966E8343CBF2EC /* ListeningViewModelTests.swift in Sources */ = {isa = PBXBuildFile; fileRef = 0E55D4564078D98F8BFAD5E1 /* ListeningViewModelTests.swift */; };
		AB4CC60D13C54C51CC63B9C9 /* Book+Fixture.swift in Sources */ = {isa = PBXBuildFile; fileRef = C4B9C2711561B6DBBC8D53C3 /* Book+Fixture.swift */; };
		AE0CA2BC48588C3945B8C948 /* minimal.epub in Resources */ = {isa = PBXBuildFile; fileRef = 95D122CE576D58B1763EE0B2 /* minimal.epub */; };
		AE8D5EF4FBF87078D1A7974E /* BookFileStoreTests.swift in Sources */ = {isa = PBXBuildFile; fileRef = 4F9B0F737EA32A13BDB9A860 /* BookFileStoreTests.swift */; };
		B197925E0CF40B72789A8A9B /* PublicationServiceTests.swift in Sources */ = {isa = PBXBuildFile; fileRef = AF12B7704F62F50904C8A945 /* PublicationServiceTests.swift */; };
		B2DABB6A95A66A512F52A6A1 /* ReadiumSpeechService.swift in Sources */ = {isa = PBXBuildFile; fileRef = 63135974C3C57D0443FCE250 /* ReadiumSpeechService.swift */; };
		B33717A58C0221BCD00B2589 /* SpeechSessionCoordinatorTests.swift in Sources */ = {isa = PBXBuildFile; fileRef = F379865D3039DE7C27926139 /* SpeechSessionCoordinatorTests.swift */; };
		B40ED7CF08E3CA4C0A297735 /* ListeningAccessibilityUITests.swift in Sources */ = {isa = PBXBuildFile; fileRef = 22E00453A327C61F89393E26 /* ListeningAccessibilityUITests.swift */; };
		B436499082AEB5C11A2CC7E7 /* ReadiumNavigator in Frameworks */ = {isa = PBXBuildFile; productRef = 2F4B84C5552249F413E0DB2F /* ReadiumNavigator */; };
		BD6111B59DBC726395B88C88 /* ImportPipelineConverterTests.swift in Sources */ = {isa = PBXBuildFile; fileRef = ED6E4CF6003E8F0A2A1B54D3 /* ImportPipelineConverterTests.swift */; };
		BE2BC0F6B1BBFD87AB9EE73D /* ImportCoordinator.swift in Sources */ = {isa = PBXBuildFile; fileRef = F99B793CA3BAB66EEE85BE9B /* ImportCoordinator.swift */; };
		BF09388DD9AECBD758681DD9 /* ChapterParser.swift in Sources */ = {isa = PBXBuildFile; fileRef = D96E96DB8BDCA5A2D8B32C6C /* ChapterParser.swift */; };
		C04243DEB0CF2EE76C15E6C8 /* ReaderViewModelTests.swift in Sources */ = {isa = PBXBuildFile; fileRef = 4A0FC77ABF16EAB3B7DAD8F2 /* ReaderViewModelTests.swift */; };
		C10AE8659337B7AD89926C20 /* XMLTextEncoder.swift in Sources */ = {isa = PBXBuildFile; fileRef = 4DD7E8A21CD79A56537782B6 /* XMLTextEncoder.swift */; };
		C1C1AB85631AD2035C59848E /* Chapter.swift in Sources */ = {isa = PBXBuildFile; fileRef = F3E7C67146A75EF01FBE87A8 /* Chapter.swift */; };
		C1CBBDF0A3D023632CE7FA82 /* InMemoryBookRepositoryTests.swift in Sources */ = {isa = PBXBuildFile; fileRef = D3F4456FD4DCB8FFBCA97A16 /* InMemoryBookRepositoryTests.swift */; };
		C3C3EE7147B6C3BA4103F684 /* RemoteCommandController.swift in Sources */ = {isa = PBXBuildFile; fileRef = 04FB2966020F360594FB3FBF /* RemoteCommandController.swift */; };
		C4F0A823779D69FBF748BCBF /* ImportView.swift in Sources */ = {isa = PBXBuildFile; fileRef = 45721AAEEB7156D1DDC05E39 /* ImportView.swift */; };
		C8E9BE99523AADA4F9B83003 /* AppDependencies.swift in Sources */ = {isa = PBXBuildFile; fileRef = 95BA3DF0093283B2D82B04A1 /* AppDependencies.swift */; };
		CE731FF0FCACE630AF77788D /* Assets.xcassets in Resources */ = {isa = PBXBuildFile; fileRef = 2935B1DC349E1F472A8E9EE3 /* Assets.xcassets */; };
		D14056BFE223F43C66AB1BE0 /* ReaderPreferences.swift in Sources */ = {isa = PBXBuildFile; fileRef = 9B9D543C33FA8E317CB4FCE3 /* ReaderPreferences.swift */; };
		DBB0B07083A0F35C7537B94C /* ReaderAccessibilityUITests.swift in Sources */ = {isa = PBXBuildFile; fileRef = 685499A927ECE6D2E0E18CDF /* ReaderAccessibilityUITests.swift */; };
		E092A4A82699165C00465733 /* ImportCoordinatorTests.swift in Sources */ = {isa = PBXBuildFile; fileRef = 0A54AC730902F511B7B6BA0C /* ImportCoordinatorTests.swift */; };
		E991454E60833B506AFAB9E0 /* DesignTokens.swift in Sources */ = {isa = PBXBuildFile; fileRef = 28C7ADD515B41FC0DF988BB2 /* DesignTokens.swift */; };
		EEBD03C7462E9E7E1D81D223 /* TXTDecoder.swift in Sources */ = {isa = PBXBuildFile; fileRef = 0B85BC707A24188233CC6204 /* TXTDecoder.swift */; };
		F094E409435F0C7D66B3248B /* ReadiumStreamer in Frameworks */ = {isa = PBXBuildFile; productRef = 493F4F402A81CBF0E56BAAE7 /* ReadiumStreamer */; };
		F1498E36BFAAB60AB180D71C /* LibraryViewModelTests.swift in Sources */ = {isa = PBXBuildFile; fileRef = 79C751CA4B40005532664CE8 /* LibraryViewModelTests.swift */; };
		F198E025BA055D6D4BA1EC12 /* LibraryViewModel.swift in Sources */ = {isa = PBXBuildFile; fileRef = 96F51AD659BDFDC8C3DE6BE8 /* LibraryViewModel.swift */; };
		F625251C7725D735B8D4F798 /* ReadiumZIPFoundation in Frameworks */ = {isa = PBXBuildFile; productRef = 01A5DF0FE938A5E4FA221F7A /* ReadiumZIPFoundation */; };
		F74655044ACE5CBF52CC16B6 /* ReaderView.swift in Sources */ = {isa = PBXBuildFile; fileRef = 4CB5F96C1BD363ABDF44C8AB /* ReaderView.swift */; };
		F7C3B7FFF5C02E8D19B5D63F /* InMemoryBookRepository.swift in Sources */ = {isa = PBXBuildFile; fileRef = DC33CF94D984AF48C5635C44 /* InMemoryBookRepository.swift */; };
		FA1E70B164315536BCF45542 /* minimal.epub in Resources */ = {isa = PBXBuildFile; fileRef = 95D122CE576D58B1763EE0B2 /* minimal.epub */; };
		FE241E7C19C1FB1B18898F14 /* TXTCanonicalPublicationConverter.swift in Sources */ = {isa = PBXBuildFile; fileRef = 937F741485EBA87FCE0081D1 /* TXTCanonicalPublicationConverter.swift */; };
		FFC65601839CC9F5EDEFCB52 /* LibraryNavigationBarStyle.swift in Sources */ = {isa = PBXBuildFile; fileRef = 36D8638BB2C67E25129B062D /* LibraryNavigationBarStyle.swift */; };
/* End PBXBuildFile section */

/* Begin PBXContainerItemProxy section */
		04A5AE6CA0CB97CB2F4C87F4 /* PBXContainerItemProxy */ = {
			isa = PBXContainerItemProxy;
			containerPortal = B108EC47E26CB0CD34A0444B /* Project object */;
			proxyType = 1;
			remoteGlobalIDString = 6DA08C6A4E0771CD58D69A43;
			remoteInfo = PureVoice;
		};
		59F32C55788E7BB570932712 /* PBXContainerItemProxy */ = {
			isa = PBXContainerItemProxy;
			containerPortal = B108EC47E26CB0CD34A0444B /* Project object */;
			proxyType = 1;
			remoteGlobalIDString = 6DA08C6A4E0771CD58D69A43;
			remoteInfo = PureVoice;
		};
/* End PBXContainerItemProxy section */

/* Begin PBXFileReference section */
		04FB2966020F360594FB3FBF /* RemoteCommandController.swift */ = {isa = PBXFileReference; lastKnownFileType = sourcecode.swift; path = RemoteCommandController.swift; sourceTree = "<group>"; };
		05641AD1149C3D98463B43A4 /* LibraryAccessibilityUITests.swift */ = {isa = PBXFileReference; lastKnownFileType = sourcecode.swift; path = LibraryAccessibilityUITests.swift; sourceTree = "<group>"; };
		0695FD82E44D0C56A5DAD98D /* PersistenceController.swift */ = {isa = PBXFileReference; lastKnownFileType = sourcecode.swift; path = PersistenceController.swift; sourceTree = "<group>"; };
		09EF7FE4CADB435F6E7A925D /* DesignTokensTests.swift */ = {isa = PBXFileReference; lastKnownFileType = sourcecode.swift; path = DesignTokensTests.swift; sourceTree = "<group>"; };
		0A54AC730902F511B7B6BA0C /* ImportCoordinatorTests.swift */ = {isa = PBXFileReference; lastKnownFileType = sourcecode.swift; path = ImportCoordinatorTests.swift; sourceTree = "<group>"; };
		0A6B898F8756837F9E0F9A0B /* AppTab.swift */ = {isa = PBXFileReference; lastKnownFileType = sourcecode.swift; path = AppTab.swift; sourceTree = "<group>"; };
		0B85BC707A24188233CC6204 /* TXTDecoder.swift */ = {isa = PBXFileReference; lastKnownFileType = sourcecode.swift; path = TXTDecoder.swift; sourceTree = "<group>"; };
		0E55D4564078D98F8BFAD5E1 /* ListeningViewModelTests.swift */ = {isa = PBXFileReference; lastKnownFileType = sourcecode.swift; path = ListeningViewModelTests.swift; sourceTree = "<group>"; };
		121780689DF3EB46A0BED167 /* TXTDecoderTests.swift */ = {isa = PBXFileReference; lastKnownFileType = sourcecode.swift; path = TXTDecoderTests.swift; sourceTree = "<group>"; };
		1302C69FF12AB105064DCFE2 /* BookRepository.swift */ = {isa = PBXFileReference; lastKnownFileType = sourcecode.swift; path = BookRepository.swift; sourceTree = "<group>"; };
		22E00453A327C61F89393E26 /* ListeningAccessibilityUITests.swift */ = {isa = PBXFileReference; lastKnownFileType = sourcecode.swift; path = ListeningAccessibilityUITests.swift; sourceTree = "<group>"; };
		28C7ADD515B41FC0DF988BB2 /* DesignTokens.swift */ = {isa = PBXFileReference; lastKnownFileType = sourcecode.swift; path = DesignTokens.swift; sourceTree = "<group>"; };
		2935B1DC349E1F472A8E9EE3 /* Assets.xcassets */ = {isa = PBXFileReference; lastKnownFileType = folder.assetcatalog; path = Assets.xcassets; sourceTree = "<group>"; };
		2DA2209A99103072CA22F081 /* ContinueReadingSection.swift */ = {isa = PBXFileReference; lastKnownFileType = sourcecode.swift; path = ContinueReadingSection.swift; sourceTree = "<group>"; };
		2C534A89D77F4D61B992C80A /* UserFacingErrorTests.swift */ = {isa = PBXFileReference; lastKnownFileType = sourcecode.swift; path = UserFacingErrorTests.swift; sourceTree = "<group>"; };
		354E1AEC4FAFD7E4DE85CC1C /* EPUBBuilder.swift */ = {isa = PBXFileReference; lastKnownFileType = sourcecode.swift; path = EPUBBuilder.swift; sourceTree = "<group>"; };
		36550A1F66EFEEE89E458A68 /* BookFormatDetectorTests.swift */ = {isa = PBXFileReference; lastKnownFileType = sourcecode.swift; path = BookFormatDetectorTests.swift; sourceTree = "<group>"; };
		36D8638BB2C67E25129B062D /* LibraryNavigationBarStyle.swift */ = {isa = PBXFileReference; lastKnownFileType = sourcecode.swift; path = LibraryNavigationBarStyle.swift; sourceTree = "<group>"; };
		3F0D382848817610EFA827F5 /* BookFormat.swift */ = {isa = PBXFileReference; lastKnownFileType = sourcecode.swift; path = BookFormat.swift; sourceTree = "<group>"; };
		444ABF0CCB4EBA2BBC563E3A /* RemoteCommandControllerTests.swift */ = {isa = PBXFileReference; lastKnownFileType = sourcecode.swift; path = RemoteCommandControllerTests.swift; sourceTree = "<group>"; };
		45721AAEEB7156D1DDC05E39 /* ImportView.swift */ = {isa = PBXFileReference; lastKnownFileType = sourcecode.swift; path = ImportView.swift; sourceTree = "<group>"; };
		49A4863B7B8E5F5CE83611C6 /* ReadiumContainer.swift */ = {isa = PBXFileReference; lastKnownFileType = sourcecode.swift; path = ReadiumContainer.swift; sourceTree = "<group>"; };
		4A0FC77ABF16EAB3B7DAD8F2 /* ReaderViewModelTests.swift */ = {isa = PBXFileReference; lastKnownFileType = sourcecode.swift; path = ReaderViewModelTests.swift; sourceTree = "<group>"; };
		4B525D4A979008B7CF9F2400 /* RootTabView.swift */ = {isa = PBXFileReference; lastKnownFileType = sourcecode.swift; path = RootTabView.swift; sourceTree = "<group>"; };
		4CB5F96C1BD363ABDF44C8AB /* ReaderView.swift */ = {isa = PBXFileReference; lastKnownFileType = sourcecode.swift; path = ReaderView.swift; sourceTree = "<group>"; };
		4D51D650090A3FA7F449E54B /* Info.plist */ = {isa = PBXFileReference; lastKnownFileType = text.plist; path = Info.plist; sourceTree = "<group>"; };
		4DD7E8A21CD79A56537782B6 /* XMLTextEncoder.swift */ = {isa = PBXFileReference; lastKnownFileType = sourcecode.swift; path = XMLTextEncoder.swift; sourceTree = "<group>"; };
		4F9B0F737EA32A13BDB9A860 /* BookFileStoreTests.swift */ = {isa = PBXFileReference; lastKnownFileType = sourcecode.swift; path = BookFileStoreTests.swift; sourceTree = "<group>"; };
		52CB71C8767FC9DF9A686C6D /* SpeechService.swift */ = {isa = PBXFileReference; lastKnownFileType = sourcecode.swift; path = SpeechService.swift; sourceTree = "<group>"; };
		53038ED097129FD8615221D2 /* Book.swift */ = {isa = PBXFileReference; lastKnownFileType = sourcecode.swift; path = Book.swift; sourceTree = "<group>"; };
		550F324872898A54DF3E7FEE /* EPUBNavigatorController.swift */ = {isa = PBXFileReference; lastKnownFileType = sourcecode.swift; path = EPUBNavigatorController.swift; sourceTree = "<group>"; };
		6191ACBD0398BF99541BE2F1 /* PublicationService.swift */ = {isa = PBXFileReference; lastKnownFileType = sourcecode.swift; path = PublicationService.swift; sourceTree = "<group>"; };
		63135974C3C57D0443FCE250 /* ReadiumSpeechService.swift */ = {isa = PBXFileReference; lastKnownFileType = sourcecode.swift; path = ReadiumSpeechService.swift; sourceTree = "<group>"; };
		665A27A1A5EF2F442C562D7B /* AppLaunchUITests.swift */ = {isa = PBXFileReference; lastKnownFileType = sourcecode.swift; path = AppLaunchUITests.swift; sourceTree = "<group>"; };
		67B6C35A7720F74DAEAA69E5 /* CoreDataBookRepositoryTests.swift */ = {isa = PBXFileReference; lastKnownFileType = sourcecode.swift; path = CoreDataBookRepositoryTests.swift; sourceTree = "<group>"; };
		6C77F432E0954D32A9CF19BD /* AppStateRestorerTests.swift */ = {isa = PBXFileReference; lastKnownFileType = sourcecode.swift; path = AppStateRestorerTests.swift; sourceTree = "<group>"; };
		685499A927ECE6D2E0E18CDF /* ReaderAccessibilityUITests.swift */ = {isa = PBXFileReference; lastKnownFileType = sourcecode.swift; path = ReaderAccessibilityUITests.swift; sourceTree = "<group>"; };
		6B63823F6A2C7918E908003D /* malformed.epub */ = {isa = PBXFileReference; path = malformed.epub; sourceTree = "<group>"; };
		70A541EA742A8D0C158665AA /* ListeningView.swift */ = {isa = PBXFileReference; lastKnownFileType = sourcecode.swift; path = ListeningView.swift; sourceTree = "<group>"; };
		73A56E9F8D3D49C8A87A6723 /* AppStateRestorer.swift */ = {isa = PBXFileReference; lastKnownFileType = sourcecode.swift; path = AppStateRestorer.swift; sourceTree = "<group>"; };
		7429F8FE2067F0BE964033A9 /* utf8-novel.txt */ = {isa = PBXFileReference; lastKnownFileType = text; path = "utf8-novel.txt"; sourceTree = "<group>"; };
		79C751CA4B40005532664CE8 /* LibraryViewModelTests.swift */ = {isa = PBXFileReference; lastKnownFileType = sourcecode.swift; path = LibraryViewModelTests.swift; sourceTree = "<group>"; };
		7CD33896F2BED7FCBBC0156E /* PureVoiceApp.swift */ = {isa = PBXFileReference; lastKnownFileType = sourcecode.swift; path = PureVoiceApp.swift; sourceTree = "<group>"; };
		8028421A4B235F9F7178AFF4 /* ChapterParserTests.swift */ = {isa = PBXFileReference; lastKnownFileType = sourcecode.swift; path = ChapterParserTests.swift; sourceTree = "<group>"; };
		86C7BA53538B2EFC917323B8 /* ReaderToolbar.swift */ = {isa = PBXFileReference; lastKnownFileType = sourcecode.swift; path = ReaderToolbar.swift; sourceTree = "<group>"; };
		8980D2AA6AE14CABEF3305D5 /* ImportState.swift */ = {isa = PBXFileReference; lastKnownFileType = sourcecode.swift; path = ImportState.swift; sourceTree = "<group>"; };
		937F741485EBA87FCE0081D1 /* TXTCanonicalPublicationConverter.swift */ = {isa = PBXFileReference; lastKnownFileType = sourcecode.swift; path = TXTCanonicalPublicationConverter.swift; sourceTree = "<group>"; };
		95BA3DF0093283B2D82B04A1 /* AppDependencies.swift */ = {isa = PBXFileReference; lastKnownFileType = sourcecode.swift; path = AppDependencies.swift; sourceTree = "<group>"; };
		95D122CE576D58B1763EE0B2 /* minimal.epub */ = {isa = PBXFileReference; path = minimal.epub; sourceTree = "<group>"; };
		96F51AD659BDFDC8C3DE6BE8 /* LibraryViewModel.swift */ = {isa = PBXFileReference; lastKnownFileType = sourcecode.swift; path = LibraryViewModel.swift; sourceTree = "<group>"; };
		98F943AA79DBD848EAF1FAA7 /* BookRow.swift */ = {isa = PBXFileReference; lastKnownFileType = sourcecode.swift; path = BookRow.swift; sourceTree = "<group>"; };
		9A930E0E50005BC7846151BA /* CoreDataBookRepository.swift */ = {isa = PBXFileReference; lastKnownFileType = sourcecode.swift; path = CoreDataBookRepository.swift; sourceTree = "<group>"; };
		9B9D543C33FA8E317CB4FCE3 /* ReaderPreferences.swift */ = {isa = PBXFileReference; lastKnownFileType = sourcecode.swift; path = ReaderPreferences.swift; sourceTree = "<group>"; };
		9D4B51F937D73790C1F28DF9 /* DocumentPickerTests.swift */ = {isa = PBXFileReference; lastKnownFileType = sourcecode.swift; path = DocumentPickerTests.swift; sourceTree = "<group>"; };
		9F6F8446F9CE41A99CDE5221 /* Localizable.strings */ = {isa = PBXFileReference; lastKnownFileType = text.plist.strings; name = Localizable.strings; path = "zh-Hans.lproj/Localizable.strings"; sourceTree = "<group>"; };
		9FF712F1A45A59CDEAB6E81A /* ImportPipelineConverter.swift */ = {isa = PBXFileReference; lastKnownFileType = sourcecode.swift; path = ImportPipelineConverter.swift; sourceTree = "<group>"; };
		A66BA92CC87F7361A3224B61 /* DocumentPicker.swift */ = {isa = PBXFileReference; lastKnownFileType = sourcecode.swift; path = DocumentPicker.swift; sourceTree = "<group>"; };
		A95539E428C14E72CD29CFFB /* PreferencesStoreTests.swift */ = {isa = PBXFileReference; lastKnownFileType = sourcecode.swift; path = PreferencesStoreTests.swift; sourceTree = "<group>"; };
		ADE8A4C689E8B676410F69FE /* AccessibleIconButton.swift */ = {isa = PBXFileReference; lastKnownFileType = sourcecode.swift; path = AccessibleIconButton.swift; sourceTree = "<group>"; };
		AF12B7704F62F50904C8A945 /* PublicationServiceTests.swift */ = {isa = PBXFileReference; lastKnownFileType = sourcecode.swift; path = PublicationServiceTests.swift; sourceTree = "<group>"; };
		AFCF4D1BB3E96447B49D9CEB /* PureVoice.app */ = {isa = PBXFileReference; includeInIndex = 0; lastKnownFileType = wrapper.application; path = PureVoice.app; sourceTree = BUILT_PRODUCTS_DIR; };
		B4C542DDA5492D0CEFDB5B16 /* MiniPlayerView.swift */ = {isa = PBXFileReference; lastKnownFileType = sourcecode.swift; path = MiniPlayerView.swift; sourceTree = "<group>"; };
		C1EC76099AED3519CEC49B4B /* SettingsView.swift */ = {isa = PBXFileReference; lastKnownFileType = sourcecode.swift; path = SettingsView.swift; sourceTree = "<group>"; };
		C1F4978A451E588E2F3E5673 /* SettingsAccessibilityUITests.swift */ = {isa = PBXFileReference; lastKnownFileType = sourcecode.swift; path = SettingsAccessibilityUITests.swift; sourceTree = "<group>"; };
		C43FADF4BA8323E3A9C52F4C /* BookFormatDetector.swift */ = {isa = PBXFileReference; lastKnownFileType = sourcecode.swift; path = BookFormatDetector.swift; sourceTree = "<group>"; };
		C4B9C2711561B6DBBC8D53C3 /* Book+Fixture.swift */ = {isa = PBXFileReference; lastKnownFileType = sourcecode.swift; path = "Book+Fixture.swift"; sourceTree = "<group>"; };
		C5A1B77A4511F31CC6883810 /* AppDependenciesTests.swift */ = {isa = PBXFileReference; lastKnownFileType = sourcecode.swift; path = AppDependenciesTests.swift; sourceTree = "<group>"; };
		C91FC388BEDF728715C2C5FF /* EPUBBuilderTests.swift */ = {isa = PBXFileReference; lastKnownFileType = sourcecode.swift; path = EPUBBuilderTests.swift; sourceTree = "<group>"; };
		CCA46761186B050858F59AF5 /* SpeechSessionCoordinator.swift */ = {isa = PBXFileReference; lastKnownFileType = sourcecode.swift; path = SpeechSessionCoordinator.swift; sourceTree = "<group>"; };
		D34DDAEA8D413DB12D374F82 /* ReaderViewModel.swift */ = {isa = PBXFileReference; lastKnownFileType = sourcecode.swift; path = ReaderViewModel.swift; sourceTree = "<group>"; };
		D390A7236037D6A7F3074E3C /* PureVoiceTests.xctest */ = {isa = PBXFileReference; includeInIndex = 0; lastKnownFileType = wrapper.cfbundle; path = PureVoiceTests.xctest; sourceTree = BUILT_PRODUCTS_DIR; };
		D3F4456FD4DCB8FFBCA97A16 /* InMemoryBookRepositoryTests.swift */ = {isa = PBXFileReference; lastKnownFileType = sourcecode.swift; path = InMemoryBookRepositoryTests.swift; sourceTree = "<group>"; };
		D656EAE5C8A86A97797894F7 /* ProjectSmokeTests.swift */ = {isa = PBXFileReference; lastKnownFileType = sourcecode.swift; path = ProjectSmokeTests.swift; sourceTree = "<group>"; };
		D96E96DB8BDCA5A2D8B32C6C /* ChapterParser.swift */ = {isa = PBXFileReference; lastKnownFileType = sourcecode.swift; path = ChapterParser.swift; sourceTree = "<group>"; };
		DC33CF94D984AF48C5635C44 /* InMemoryBookRepository.swift */ = {isa = PBXFileReference; lastKnownFileType = sourcecode.swift; path = InMemoryBookRepository.swift; sourceTree = "<group>"; };
		DE4836BB2D2B1747CD73A9B7 /* ListeningViewModel.swift */ = {isa = PBXFileReference; lastKnownFileType = sourcecode.swift; path = ListeningViewModel.swift; sourceTree = "<group>"; };
		DF0D993E08B011B1B93B076B /* gb18030-novel.txt */ = {isa = PBXFileReference; lastKnownFileType = text; path = "gb18030-novel.txt"; sourceTree = "<group>"; };
		E3E6D9C2E47F496FA01E0F21 /* UserFacingError.swift */ = {isa = PBXFileReference; lastKnownFileType = sourcecode.swift; path = UserFacingError.swift; sourceTree = "<group>"; };
		E710520845DBFD254635FEDC /* PreferencesStore.swift */ = {isa = PBXFileReference; lastKnownFileType = sourcecode.swift; path = PreferencesStore.swift; sourceTree = "<group>"; };
		EABAE613B5FE73BF55BDE64C /* protected.epub */ = {isa = PBXFileReference; path = protected.epub; sourceTree = "<group>"; };
		ED6E4CF6003E8F0A2A1B54D3 /* ImportPipelineConverterTests.swift */ = {isa = PBXFileReference; lastKnownFileType = sourcecode.swift; path = ImportPipelineConverterTests.swift; sourceTree = "<group>"; };
		F1609B0203CC8EF541250D12 /* ImportError.swift */ = {isa = PBXFileReference; lastKnownFileType = sourcecode.swift; path = ImportError.swift; sourceTree = "<group>"; };
		F34B394663F4C909425287C5 /* PureVoiceUITests.xctest */ = {isa = PBXFileReference; includeInIndex = 0; lastKnownFileType = wrapper.cfbundle; path = PureVoiceUITests.xctest; sourceTree = BUILT_PRODUCTS_DIR; };
		F379865D3039DE7C27926139 /* SpeechSessionCoordinatorTests.swift */ = {isa = PBXFileReference; lastKnownFileType = sourcecode.swift; path = SpeechSessionCoordinatorTests.swift; sourceTree = "<group>"; };
		F3E7C67146A75EF01FBE87A8 /* Chapter.swift */ = {isa = PBXFileReference; lastKnownFileType = sourcecode.swift; path = Chapter.swift; sourceTree = "<group>"; };
		F40F617D2E30B89515CE45B8 /* LibraryView.swift */ = {isa = PBXFileReference; lastKnownFileType = sourcecode.swift; path = LibraryView.swift; sourceTree = "<group>"; };
		F5987B62E1F92A79B2753E3D /* BookFileStore.swift */ = {isa = PBXFileReference; lastKnownFileType = sourcecode.swift; path = BookFileStore.swift; sourceTree = "<group>"; };
		F99B793CA3BAB66EEE85BE9B /* ImportCoordinator.swift */ = {isa = PBXFileReference; lastKnownFileType = sourcecode.swift; path = ImportCoordinator.swift; sourceTree = "<group>"; };
		FB62BB69DBEFED245AC3DA95 /* ReadingPosition.swift */ = {isa = PBXFileReference; lastKnownFileType = sourcecode.swift; path = ReadingPosition.swift; sourceTree = "<group>"; };
/* End PBXFileReference section */

/* Begin PBXFrameworksBuildPhase section */
		63A724A6CB33989817F418BC /* Frameworks */ = {
			isa = PBXFrameworksBuildPhase;
			buildActionMask = 2147483647;
			files = (
				127FD13EA9FAA94EBED4DF45 /* ReadiumShared in Frameworks */,
				F094E409435F0C7D66B3248B /* ReadiumStreamer in Frameworks */,
				B436499082AEB5C11A2CC7E7 /* ReadiumNavigator in Frameworks */,
				F625251C7725D735B8D4F798 /* ReadiumZIPFoundation in Frameworks */,
			);
			runOnlyForDeploymentPostprocessing = 0;
		};
/* End PBXFrameworksBuildPhase section */

/* Begin PBXGroup section */
		05F91B2BE4472E2D334F7BBE /* Persistence */ = {
			isa = PBXGroup;
			children = (
				1302C69FF12AB105064DCFE2 /* BookRepository.swift */,
				9A930E0E50005BC7846151BA /* CoreDataBookRepository.swift */,
				DC33CF94D984AF48C5635C44 /* InMemoryBookRepository.swift */,
				0695FD82E44D0C56A5DAD98D /* PersistenceController.swift */,
			);
			path = Persistence;
			sourceTree = "<group>";
		};
		07042A29A3A55B57AE64469B /* PureVoiceTests */ = {
			isa = PBXGroup;
			children = (
				C5A1B77A4511F31CC6883810 /* AppDependenciesTests.swift */,
				6C77F432E0954D32A9CF19BD /* AppStateRestorerTests.swift */,
				4F9B0F737EA32A13BDB9A860 /* BookFileStoreTests.swift */,
				36550A1F66EFEEE89E458A68 /* BookFormatDetectorTests.swift */,
				8028421A4B235F9F7178AFF4 /* ChapterParserTests.swift */,
				67B6C35A7720F74DAEAA69E5 /* CoreDataBookRepositoryTests.swift */,
				09EF7FE4CADB435F6E7A925D /* DesignTokensTests.swift */,
				9D4B51F937D73790C1F28DF9 /* DocumentPickerTests.swift */,
				C91FC388BEDF728715C2C5FF /* EPUBBuilderTests.swift */,
				0A54AC730902F511B7B6BA0C /* ImportCoordinatorTests.swift */,
				ED6E4CF6003E8F0A2A1B54D3 /* ImportPipelineConverterTests.swift */,
				D3F4456FD4DCB8FFBCA97A16 /* InMemoryBookRepositoryTests.swift */,
				79C751CA4B40005532664CE8 /* LibraryViewModelTests.swift */,
				0E55D4564078D98F8BFAD5E1 /* ListeningViewModelTests.swift */,
				A95539E428C14E72CD29CFFB /* PreferencesStoreTests.swift */,
				D656EAE5C8A86A97797894F7 /* ProjectSmokeTests.swift */,
				AF12B7704F62F50904C8A945 /* PublicationServiceTests.swift */,
				4A0FC77ABF16EAB3B7DAD8F2 /* ReaderViewModelTests.swift */,
				444ABF0CCB4EBA2BBC563E3A /* RemoteCommandControllerTests.swift */,
				F379865D3039DE7C27926139 /* SpeechSessionCoordinatorTests.swift */,
				121780689DF3EB46A0BED167 /* TXTDecoderTests.swift */,
				2C534A89D77F4D61B992C80A /* UserFacingErrorTests.swift */,
				AD4E2B4A18AFEFAA34CEF478 /* Fixtures */,
				6EAB468D3C1E6A05941711C2 /* Support */,
			);
			path = PureVoiceTests;
			sourceTree = "<group>";
		};
		1241F866EA999EADA126A73E /* Library */ = {
			isa = PBXGroup;
			children = (
				98F943AA79DBD848EAF1FAA7 /* BookRow.swift */,
				2DA2209A99103072CA22F081 /* ContinueReadingSection.swift */,
				36D8638BB2C67E25129B062D /* LibraryNavigationBarStyle.swift */,
				F40F617D2E30B89515CE45B8 /* LibraryView.swift */,
				96F51AD659BDFDC8C3DE6BE8 /* LibraryViewModel.swift */,
			);
			path = Library;
			sourceTree = "<group>";
		};
		258E04F6FFC08680589FC533 /* TXT */ = {
			isa = PBXGroup;
			children = (
				D96E96DB8BDCA5A2D8B32C6C /* ChapterParser.swift */,
				354E1AEC4FAFD7E4DE85CC1C /* EPUBBuilder.swift */,
				937F741485EBA87FCE0081D1 /* TXTCanonicalPublicationConverter.swift */,
				0B85BC707A24188233CC6204 /* TXTDecoder.swift */,
				4DD7E8A21CD79A56537782B6 /* XMLTextEncoder.swift */,
			);
			path = TXT;
			sourceTree = "<group>";
		};
		2621A941C6BD41579514284D /* Reader */ = {
			isa = PBXGroup;
			children = (
				550F324872898A54DF3E7FEE /* EPUBNavigatorController.swift */,
				6191ACBD0398BF99541BE2F1 /* PublicationService.swift */,
				86C7BA53538B2EFC917323B8 /* ReaderToolbar.swift */,
				4CB5F96C1BD363ABDF44C8AB /* ReaderView.swift */,
				D34DDAEA8D413DB12D374F82 /* ReaderViewModel.swift */,
				49A4863B7B8E5F5CE83611C6 /* ReadiumContainer.swift */,
			);
			path = Reader;
			sourceTree = "<group>";
		};
		288DFE091F53F48307BD6D9C /* DesignSystem */ = {
			isa = PBXGroup;
			children = (
				ADE8A4C689E8B676410F69FE /* AccessibleIconButton.swift */,
				28C7ADD515B41FC0DF988BB2 /* DesignTokens.swift */,
			);
			path = DesignSystem;
			sourceTree = "<group>";
		};
		503E6BA752BE9049BABA1064 /* Settings */ = {
			isa = PBXGroup;
			children = (
				E710520845DBFD254635FEDC /* PreferencesStore.swift */,
				9B9D543C33FA8E317CB4FCE3 /* ReaderPreferences.swift */,
				C1EC76099AED3519CEC49B4B /* SettingsView.swift */,
			);
			path = Settings;
			sourceTree = "<group>";
		};
		6006D8BB908E6051D02C293E /* Resources */ = {
			isa = PBXGroup;
			children = (
				2935B1DC349E1F472A8E9EE3 /* Assets.xcassets */,
				4D51D650090A3FA7F449E54B /* Info.plist */,
				9F6F8446F9CE41A99CDE5221 /* Localizable.strings */,
			);
			path = Resources;
			sourceTree = "<group>";
		};
		6EAB468D3C1E6A05941711C2 /* Support */ = {
			isa = PBXGroup;
			children = (
				C4B9C2711561B6DBBC8D53C3 /* Book+Fixture.swift */,
			);
			path = Support;
			sourceTree = "<group>";
		};
		764028DE50F18249EBE4223B /* epub */ = {
			isa = PBXGroup;
			children = (
				6B63823F6A2C7918E908003D /* malformed.epub */,
				95D122CE576D58B1763EE0B2 /* minimal.epub */,
				EABAE613B5FE73BF55BDE64C /* protected.epub */,
			);
			path = epub;
			sourceTree = "<group>";
		};
		93F510954A14285BE6EBFEC0 /* Core */ = {
			isa = PBXGroup;
			children = (
				B8CA1ADD9800BBF5285C0C37 /* Files */,
				E624E295C996435DEEB71372 /* Models */,
				05F91B2BE4472E2D334F7BBE /* Persistence */,
			);
			path = Core;
			sourceTree = "<group>";
		};
		9A72CA0ACB78C8FEE1E93143 /* App */ = {
			isa = PBXGroup;
			children = (
				95BA3DF0093283B2D82B04A1 /* AppDependencies.swift */,
				73A56E9F8D3D49C8A87A6723 /* AppStateRestorer.swift */,
				0A6B898F8756837F9E0F9A0B /* AppTab.swift */,
				7CD33896F2BED7FCBBC0156E /* PureVoiceApp.swift */,
				4B525D4A979008B7CF9F2400 /* RootTabView.swift */,
			);
			path = App;
			sourceTree = "<group>";
		};
		9E5DDFD394C1C5D5CD5AF202 /* Features */ = {
			isa = PBXGroup;
			children = (
				C9CCBB8E774049C6569A06E5 /* Import */,
				1241F866EA999EADA126A73E /* Library */,
				2621A941C6BD41579514284D /* Reader */,
				503E6BA752BE9049BABA1064 /* Settings */,
				B365E2207756E84C3AD7D1F3 /* Speech */,
			);
			path = Features;
			sourceTree = "<group>";
		};
		AD4E2B4A18AFEFAA34CEF478 /* Fixtures */ = {
			isa = PBXGroup;
			children = (
				764028DE50F18249EBE4223B /* epub */,
				BF58AA64A57584A5B09BCC41 /* txt */,
			);
			path = Fixtures;
			sourceTree = "<group>";
		};
		B365E2207756E84C3AD7D1F3 /* Speech */ = {
			isa = PBXGroup;
			children = (
				70A541EA742A8D0C158665AA /* ListeningView.swift */,
				DE4836BB2D2B1747CD73A9B7 /* ListeningViewModel.swift */,
				B4C542DDA5492D0CEFDB5B16 /* MiniPlayerView.swift */,
				63135974C3C57D0443FCE250 /* ReadiumSpeechService.swift */,
				04FB2966020F360594FB3FBF /* RemoteCommandController.swift */,
				52CB71C8767FC9DF9A686C6D /* SpeechService.swift */,
				CCA46761186B050858F59AF5 /* SpeechSessionCoordinator.swift */,
			);
			path = Speech;
			sourceTree = "<group>";
		};
		B8CA1ADD9800BBF5285C0C37 /* Files */ = {
			isa = PBXGroup;
			children = (
				F5987B62E1F92A79B2753E3D /* BookFileStore.swift */,
			);
			path = Files;
			sourceTree = "<group>";
		};
		BF58AA64A57584A5B09BCC41 /* txt */ = {
			isa = PBXGroup;
			children = (
				DF0D993E08B011B1B93B076B /* gb18030-novel.txt */,
				7429F8FE2067F0BE964033A9 /* utf8-novel.txt */,
			);
			path = txt;
			sourceTree = "<group>";
		};
		C9CCBB8E774049C6569A06E5 /* Import */ = {
			isa = PBXGroup;
			children = (
				C43FADF4BA8323E3A9C52F4C /* BookFormatDetector.swift */,
				A66BA92CC87F7361A3224B61 /* DocumentPicker.swift */,
				F99B793CA3BAB66EEE85BE9B /* ImportCoordinator.swift */,
				F1609B0203CC8EF541250D12 /* ImportError.swift */,
				9FF712F1A45A59CDEAB6E81A /* ImportPipelineConverter.swift */,
				45721AAEEB7156D1DDC05E39 /* ImportView.swift */,
				258E04F6FFC08680589FC533 /* TXT */,
			);
			path = Import;
			sourceTree = "<group>";
		};
		C9FDCD7D3B8ADDE9F19B5EC7 /* Products */ = {
			isa = PBXGroup;
			children = (
				AFCF4D1BB3E96447B49D9CEB /* PureVoice.app */,
				D390A7236037D6A7F3074E3C /* PureVoiceTests.xctest */,
				F34B394663F4C909425287C5 /* PureVoiceUITests.xctest */,
			);
			name = Products;
			sourceTree = "<group>";
		};
		CD4BE3780DB96B23B4EEC12C /* PureVoiceUITests */ = {
			isa = PBXGroup;
			children = (
				665A27A1A5EF2F442C562D7B /* AppLaunchUITests.swift */,
				05641AD1149C3D98463B43A4 /* LibraryAccessibilityUITests.swift */,
				22E00453A327C61F89393E26 /* ListeningAccessibilityUITests.swift */,
				685499A927ECE6D2E0E18CDF /* ReaderAccessibilityUITests.swift */,
				C1F4978A451E588E2F3E5673 /* SettingsAccessibilityUITests.swift */,
			);
			path = PureVoiceUITests;
			sourceTree = "<group>";
		};
		E624E295C996435DEEB71372 /* Models */ = {
			isa = PBXGroup;
			children = (
				53038ED097129FD8615221D2 /* Book.swift */,
				3F0D382848817610EFA827F5 /* BookFormat.swift */,
				F3E7C67146A75EF01FBE87A8 /* Chapter.swift */,
				8980D2AA6AE14CABEF3305D5 /* ImportState.swift */,
				FB62BB69DBEFED245AC3DA95 /* ReadingPosition.swift */,
				E3E6D9C2E47F496FA01E0F21 /* UserFacingError.swift */,
			);
			path = Models;
			sourceTree = "<group>";
		};
		E64F9AAAC65EE7120D431F5D = {
			isa = PBXGroup;
			children = (
				EA8597BA4162AC64E4207227 /* PureVoice */,
				07042A29A3A55B57AE64469B /* PureVoiceTests */,
				CD4BE3780DB96B23B4EEC12C /* PureVoiceUITests */,
				C9FDCD7D3B8ADDE9F19B5EC7 /* Products */,
			);
			sourceTree = "<group>";
		};
		EA8597BA4162AC64E4207227 /* PureVoice */ = {
			isa = PBXGroup;
			children = (
				9A72CA0ACB78C8FEE1E93143 /* App */,
				93F510954A14285BE6EBFEC0 /* Core */,
				288DFE091F53F48307BD6D9C /* DesignSystem */,
				9E5DDFD394C1C5D5CD5AF202 /* Features */,
				6006D8BB908E6051D02C293E /* Resources */,
			);
			path = PureVoice;
			sourceTree = "<group>";
		};
/* End PBXGroup section */

/* Begin PBXNativeTarget section */
		6DA08C6A4E0771CD58D69A43 /* PureVoice */ = {
			isa = PBXNativeTarget;
			buildConfigurationList = E66E5FD0A6C32AB7DB89F9C6 /* Build configuration list for PBXNativeTarget "PureVoice" */;
			buildPhases = (
				4664C7009316C1EAD529C0F0 /* Sources */,
				50EA255F674CA803C2E1E045 /* Resources */,
				63A724A6CB33989817F418BC /* Frameworks */,
			);
			buildRules = (
			);
			dependencies = (
			);
			name = PureVoice;
			packageProductDependencies = (
				36F09C703D66AC7B4F8BDC8B /* ReadiumShared */,
				493F4F402A81CBF0E56BAAE7 /* ReadiumStreamer */,
				2F4B84C5552249F413E0DB2F /* ReadiumNavigator */,
				01A5DF0FE938A5E4FA221F7A /* ReadiumZIPFoundation */,
			);
			productName = PureVoice;
			productReference = AFCF4D1BB3E96447B49D9CEB /* PureVoice.app */;
			productType = "com.apple.product-type.application";
		};
		6F3948ED5A6F2E43EBEAEBA6 /* PureVoiceUITests */ = {
			isa = PBXNativeTarget;
			buildConfigurationList = DB846F7A419E4E4ED4A3984E /* Build configuration list for PBXNativeTarget "PureVoiceUITests" */;
			buildPhases = (
				6E78284EFDA1260447D69A86 /* Sources */,
				7DBDF9AB82E93F971991AD89 /* Resources */,
			);
			buildRules = (
			);
			dependencies = (
				24FB18150C708A304879E97E /* PBXTargetDependency */,
			);
			name = PureVoiceUITests;
			packageProductDependencies = (
			);
			productName = PureVoiceUITests;
			productReference = F34B394663F4C909425287C5 /* PureVoiceUITests.xctest */;
			productType = "com.apple.product-type.bundle.ui-testing";
		};
		CA87F5A940A678EBAFC2855A /* PureVoiceTests */ = {
			isa = PBXNativeTarget;
			buildConfigurationList = 122A433C07E1223EFF5D3D01 /* Build configuration list for PBXNativeTarget "PureVoiceTests" */;
			buildPhases = (
				048576FC563D1BB7B04EDC7D /* Sources */,
				6C3C095A73AE55C50160CAF1 /* Resources */,
			);
			buildRules = (
			);
			dependencies = (
				FFB246D8C06DAF843782261B /* PBXTargetDependency */,
			);
			name = PureVoiceTests;
			packageProductDependencies = (
			);
			productName = PureVoiceTests;
			productReference = D390A7236037D6A7F3074E3C /* PureVoiceTests.xctest */;
			productType = "com.apple.product-type.bundle.unit-test";
		};
/* End PBXNativeTarget section */

/* Begin PBXProject section */
		B108EC47E26CB0CD34A0444B /* Project object */ = {
			isa = PBXProject;
			attributes = {
				BuildIndependentTargetsInParallel = YES;
				LastUpgradeCheck = 1430;
				TargetAttributes = {
					6F3948ED5A6F2E43EBEAEBA6 = {
						TestTargetID = 6DA08C6A4E0771CD58D69A43;
					};
				};
			};
			buildConfigurationList = 7C3E5D063C8B5AE358E146C7 /* Build configuration list for PBXProject "PureVoice" */;
			developmentRegion = en;
			hasScannedForEncodings = 0;
			knownRegions = (
				Base,
				en,
				"zh-Hans",
			);
			mainGroup = E64F9AAAC65EE7120D431F5D;
			minimizedProjectReferenceProxies = 1;
			packageReferences = (
				831243CA705B2F21B9918598 /* XCRemoteSwiftPackageReference "swift-toolkit" */,
				E493B7D4BF13F5096385B1B5 /* XCRemoteSwiftPackageReference "ZIPFoundation" */,
			);
			preferredProjectObjectVersion = 77;
			productRefGroup = C9FDCD7D3B8ADDE9F19B5EC7 /* Products */;
			projectDirPath = "";
			projectRoot = "";
			targets = (
				6DA08C6A4E0771CD58D69A43 /* PureVoice */,
				CA87F5A940A678EBAFC2855A /* PureVoiceTests */,
				6F3948ED5A6F2E43EBEAEBA6 /* PureVoiceUITests */,
			);
		};
/* End PBXProject section */

/* Begin PBXResourcesBuildPhase section */
		50EA255F674CA803C2E1E045 /* Resources */ = {
			isa = PBXResourcesBuildPhase;
			buildActionMask = 2147483647;
			files = (
				CE731FF0FCACE630AF77788D /* Assets.xcassets in Resources */,
				84B8E02F96884758B7598F46 /* Localizable.strings in Resources */,
			);
			runOnlyForDeploymentPostprocessing = 0;
		};
		6C3C095A73AE55C50160CAF1 /* Resources */ = {
			isa = PBXResourcesBuildPhase;
			buildActionMask = 2147483647;
			files = (
				2543A31E01317FA9B7F28230 /* gb18030-novel.txt in Resources */,
				7F9DB1138F2D029B10E8329B /* malformed.epub in Resources */,
				AE0CA2BC48588C3945B8C948 /* minimal.epub in Resources */,
				440A758D8C1FED1EBFE8BF92 /* protected.epub in Resources */,
				80A5C1DC2B7CEDB5F6469BB8 /* utf8-novel.txt in Resources */,
			);
			runOnlyForDeploymentPostprocessing = 0;
		};
		7DBDF9AB82E93F971991AD89 /* Resources */ = {
			isa = PBXResourcesBuildPhase;
			buildActionMask = 2147483647;
			files = (
				FA1E70B164315536BCF45542 /* minimal.epub in Resources */,
			);
			runOnlyForDeploymentPostprocessing = 0;
		};
/* End PBXResourcesBuildPhase section */

/* Begin PBXSourcesBuildPhase section */
		048576FC563D1BB7B04EDC7D /* Sources */ = {
			isa = PBXSourcesBuildPhase;
			buildActionMask = 2147483647;
			files = (
				0C188DBE898F6E216C10610F /* AppDependenciesTests.swift in Sources */,
				0D87C59E6B7141039E482D11 /* AppStateRestorerTests.swift in Sources */,
				AB4CC60D13C54C51CC63B9C9 /* Book+Fixture.swift in Sources */,
				AE8D5EF4FBF87078D1A7974E /* BookFileStoreTests.swift in Sources */,
				36EA2BC20ACCD6882B28C641 /* BookFormatDetectorTests.swift in Sources */,
				3D56B15646449135D31A7CCF /* ChapterParserTests.swift in Sources */,
				01E5D1A5C0708BED1B96156C /* CoreDataBookRepositoryTests.swift in Sources */,
				7C80FDDA24454D67762E9C32 /* DesignTokensTests.swift in Sources */,
				5526FFF482F85B19E721B18D /* DocumentPickerTests.swift in Sources */,
				975C8980863FE7FEB4980CBA /* EPUBBuilderTests.swift in Sources */,
				E092A4A82699165C00465733 /* ImportCoordinatorTests.swift in Sources */,
				BD6111B59DBC726395B88C88 /* ImportPipelineConverterTests.swift in Sources */,
				C1CBBDF0A3D023632CE7FA82 /* InMemoryBookRepositoryTests.swift in Sources */,
				F1498E36BFAAB60AB180D71C /* LibraryViewModelTests.swift in Sources */,
				A63DB4CA9C966E8343CBF2EC /* ListeningViewModelTests.swift in Sources */,
				9732A3B50EAB905EE838C55A /* PreferencesStoreTests.swift in Sources */,
				2AAEE1EE5882194C610F114D /* ProjectSmokeTests.swift in Sources */,
				B197925E0CF40B72789A8A9B /* PublicationServiceTests.swift in Sources */,
				C04243DEB0CF2EE76C15E6C8 /* ReaderViewModelTests.swift in Sources */,
				22972693946E06B0A1B83843 /* RemoteCommandControllerTests.swift in Sources */,
				B33717A58C0221BCD00B2589 /* SpeechSessionCoordinatorTests.swift in Sources */,
				0A81EF6A389ABEA5396C005E /* TXTDecoderTests.swift in Sources */,
				98B7C8A21066477AA09B76D2 /* UserFacingErrorTests.swift in Sources */,
			);
			runOnlyForDeploymentPostprocessing = 0;
		};
		4664C7009316C1EAD529C0F0 /* Sources */ = {
			isa = PBXSourcesBuildPhase;
			buildActionMask = 2147483647;
			files = (
				6071F2D0BDFBFAD331541CBE /* AccessibleIconButton.swift in Sources */,
				C8E9BE99523AADA4F9B83003 /* AppDependencies.swift in Sources */,
				08F3C4A6226D4B11AC89F994 /* AppStateRestorer.swift in Sources */,
				49340BB5130F27B69DD08CE1 /* AppTab.swift in Sources */,
				182773471A54B314A6861083 /* Book.swift in Sources */,
				4F5D96AA4C1FE11BC3FA5011 /* BookFileStore.swift in Sources */,
				1BA719D63ACDD035D1DF00DC /* BookFormat.swift in Sources */,
				414B8183D1E7F0BFA90444D6 /* BookFormatDetector.swift in Sources */,
				38C538DDF9F764CF59A9865D /* BookRepository.swift in Sources */,
				88D5751EAA40555324007F89 /* BookRow.swift in Sources */,
				C1C1AB85631AD2035C59848E /* Chapter.swift in Sources */,
				BF09388DD9AECBD758681DD9 /* ChapterParser.swift in Sources */,
				8A60C3C9C22877BF69D4FA7D /* ContinueReadingSection.swift in Sources */,
				8C8D147FDF84497DD0091985 /* CoreDataBookRepository.swift in Sources */,
				E991454E60833B506AFAB9E0 /* DesignTokens.swift in Sources */,
				357AF65B5283E457247E6C6D /* DocumentPicker.swift in Sources */,
				12B148CFE842D781993A22CB /* EPUBBuilder.swift in Sources */,
				2ACF8948FDFC92742C69A40B /* EPUBNavigatorController.swift in Sources */,
				BE2BC0F6B1BBFD87AB9EE73D /* ImportCoordinator.swift in Sources */,
				1DE94E400D2CA599C450BC0A /* ImportError.swift in Sources */,
				9BD5298EF362DEA9782AB744 /* ImportPipelineConverter.swift in Sources */,
				5969C7FFC251635EAAA24D4A /* ImportState.swift in Sources */,
				C4F0A823779D69FBF748BCBF /* ImportView.swift in Sources */,
				F7C3B7FFF5C02E8D19B5D63F /* InMemoryBookRepository.swift in Sources */,
				FFC65601839CC9F5EDEFCB52 /* LibraryNavigationBarStyle.swift in Sources */,
				571C92C193D100A2C93EB0D7 /* LibraryView.swift in Sources */,
				F198E025BA055D6D4BA1EC12 /* LibraryViewModel.swift in Sources */,
				5A2D505873046D1B0D3A83DB /* ListeningView.swift in Sources */,
				078EECDA9B24D599D58C5489 /* ListeningViewModel.swift in Sources */,
				66BAD6AE00AA535DACD5454B /* MiniPlayerView.swift in Sources */,
				26B40611AFD8716F2FB5A89B /* PersistenceController.swift in Sources */,
				79FDECE0FDE766B413E4B024 /* PreferencesStore.swift in Sources */,
				53E737F5D3EB1D831F2B1353 /* PublicationService.swift in Sources */,
				806ECDADF5E4CF9B1D9D780D /* PureVoiceApp.swift in Sources */,
				D14056BFE223F43C66AB1BE0 /* ReaderPreferences.swift in Sources */,
				6138660F7F21239AF70924A6 /* ReaderToolbar.swift in Sources */,
				F74655044ACE5CBF52CC16B6 /* ReaderView.swift in Sources */,
				8989A1176D6E0C3F748EEA11 /* ReaderViewModel.swift in Sources */,
				836FCE637F4319A5E8408F86 /* ReadingPosition.swift in Sources */,
				2CB72259C57B959C6E6C1B8B /* ReadiumContainer.swift in Sources */,
				B2DABB6A95A66A512F52A6A1 /* ReadiumSpeechService.swift in Sources */,
				C3C3EE7147B6C3BA4103F684 /* RemoteCommandController.swift in Sources */,
				3A5C293EAE9AE10A6719C8E2 /* RootTabView.swift in Sources */,
				2E12F7B33B5283C34FEA2306 /* SettingsView.swift in Sources */,
				6C735891E58182149C4B4097 /* SpeechService.swift in Sources */,
				1AE3C45974D37EBBCF943516 /* SpeechSessionCoordinator.swift in Sources */,
				FE241E7C19C1FB1B18898F14 /* TXTCanonicalPublicationConverter.swift in Sources */,
				EEBD03C7462E9E7E1D81D223 /* TXTDecoder.swift in Sources */,
				99BA489C8C0F4C6E83AC6345 /* UserFacingError.swift in Sources */,
				C10AE8659337B7AD89926C20 /* XMLTextEncoder.swift in Sources */,
			);
			runOnlyForDeploymentPostprocessing = 0;
		};
		6E78284EFDA1260447D69A86 /* Sources */ = {
			isa = PBXSourcesBuildPhase;
			buildActionMask = 2147483647;
			files = (
				6DEC0C33E2552DF52396EF57 /* AppLaunchUITests.swift in Sources */,
				87909EE856128F1AE257E5EF /* LibraryAccessibilityUITests.swift in Sources */,
				B40ED7CF08E3CA4C0A297735 /* ListeningAccessibilityUITests.swift in Sources */,
				DBB0B07083A0F35C7537B94C /* ReaderAccessibilityUITests.swift in Sources */,
				8D3D2D40A544F155F9528FCE /* SettingsAccessibilityUITests.swift in Sources */,
			);
			runOnlyForDeploymentPostprocessing = 0;
		};
/* End PBXSourcesBuildPhase section */

/* Begin PBXTargetDependency section */
		24FB18150C708A304879E97E /* PBXTargetDependency */ = {
			isa = PBXTargetDependency;
			target = 6DA08C6A4E0771CD58D69A43 /* PureVoice */;
			targetProxy = 04A5AE6CA0CB97CB2F4C87F4 /* PBXContainerItemProxy */;
		};
		FFB246D8C06DAF843782261B /* PBXTargetDependency */ = {
			isa = PBXTargetDependency;
			target = 6DA08C6A4E0771CD58D69A43 /* PureVoice */;
			targetProxy = 59F32C55788E7BB570932712 /* PBXContainerItemProxy */;
		};
/* End PBXTargetDependency section */

/* Begin XCBuildConfiguration section */
		1231CF3242B6EFFE5193CE4E /* Debug */ = {
			isa = XCBuildConfiguration;
			buildSettings = {
				BUNDLE_LOADER = "$(TEST_HOST)";
				GENERATE_INFOPLIST_FILE = YES;
				LD_RUNPATH_SEARCH_PATHS = (
					"$(inherited)",
					"@executable_path/Frameworks",
					"@loader_path/Frameworks",
				);
				PRODUCT_BUNDLE_IDENTIFIER = com.taotaoxiaoshuo.PureVoiceUITests;
				SDKROOT = iphoneos;
				SWIFT_VERSION = 6.0;
				TARGETED_DEVICE_FAMILY = "1,2";
				TEST_TARGET_NAME = PureVoice;
			};
			name = Debug;
		};
		47824A63908EE310FEE0BD7A /* Release */ = {
			isa = XCBuildConfiguration;
			buildSettings = {
				BUNDLE_LOADER = "$(TEST_HOST)";
				GENERATE_INFOPLIST_FILE = YES;
				LD_RUNPATH_SEARCH_PATHS = (
					"$(inherited)",
					"@executable_path/Frameworks",
					"@loader_path/Frameworks",
				);
				PRODUCT_BUNDLE_IDENTIFIER = com.taotaoxiaoshuo.PureVoiceUITests;
				SDKROOT = iphoneos;
				SWIFT_VERSION = 6.0;
				TARGETED_DEVICE_FAMILY = "1,2";
				TEST_TARGET_NAME = PureVoice;
			};
			name = Release;
		};
		483B4AA6F37B7386741F5316 /* Debug */ = {
			isa = XCBuildConfiguration;
			buildSettings = {
				ASSETCATALOG_COMPILER_APPICON_NAME = "";
				CODE_SIGN_IDENTITY = "iPhone Developer";
				INFOPLIST_FILE = PureVoice/Resources/Info.plist;
				LD_RUNPATH_SEARCH_PATHS = (
					"$(inherited)",
					"@executable_path/Frameworks",
				);
				PRODUCT_BUNDLE_IDENTIFIER = com.taotaoxiaoshuo.purevoice;
				SDKROOT = iphoneos;
				SWIFT_VERSION = 6.0;
				TARGETED_DEVICE_FAMILY = "1,2";
			};
			name = Debug;
		};
		76787EAA305D8AEE990E530C /* Release */ = {
			isa = XCBuildConfiguration;
			buildSettings = {
				ALWAYS_SEARCH_USER_PATHS = NO;
				CLANG_ANALYZER_NONNULL = YES;
				CLANG_ANALYZER_NUMBER_OBJECT_CONVERSION = YES_AGGRESSIVE;
				CLANG_CXX_LANGUAGE_STANDARD = "gnu++14";
				CLANG_CXX_LIBRARY = "libc++";
				CLANG_ENABLE_MODULES = YES;
				CLANG_ENABLE_OBJC_ARC = YES;
				CLANG_ENABLE_OBJC_WEAK = YES;
				CLANG_WARN_BLOCK_CAPTURE_AUTORELEASING = YES;
				CLANG_WARN_BOOL_CONVERSION = YES;
				CLANG_WARN_COMMA = YES;
				CLANG_WARN_CONSTANT_CONVERSION = YES;
				CLANG_WARN_DEPRECATED_OBJC_IMPLEMENTATIONS = YES;
				CLANG_WARN_DIRECT_OBJC_ISA_USAGE = YES_ERROR;
				CLANG_WARN_DOCUMENTATION_COMMENTS = YES;
				CLANG_WARN_EMPTY_BODY = YES;
				CLANG_WARN_ENUM_CONVERSION = YES;
				CLANG_WARN_INFINITE_RECURSION = YES;
				CLANG_WARN_INT_CONVERSION = YES;
				CLANG_WARN_NON_LITERAL_NULL_CONVERSION = YES;
				CLANG_WARN_OBJC_IMPLICIT_RETAIN_SELF = YES;
				CLANG_WARN_OBJC_LITERAL_CONVERSION = YES;
				CLANG_WARN_OBJC_ROOT_CLASS = YES_ERROR;
				CLANG_WARN_QUOTED_INCLUDE_IN_FRAMEWORK_HEADER = YES;
				CLANG_WARN_RANGE_LOOP_ANALYSIS = YES;
				CLANG_WARN_STRICT_PROTOTYPES = YES;
				CLANG_WARN_SUSPICIOUS_MOVE = YES;
				CLANG_WARN_UNGUARDED_AVAILABILITY = YES_AGGRESSIVE;
				CLANG_WARN_UNREACHABLE_CODE = YES;
				CLANG_WARN__DUPLICATE_METHOD_MATCH = YES;
				COPY_PHASE_STRIP = NO;
				DEBUG_INFORMATION_FORMAT = "dwarf-with-dsym";
				ENABLE_NS_ASSERTIONS = NO;
				ENABLE_STRICT_OBJC_MSGSEND = YES;
				GCC_C_LANGUAGE_STANDARD = gnu11;
				GCC_NO_COMMON_BLOCKS = YES;
				GCC_WARN_64_TO_32_BIT_CONVERSION = YES;
				GCC_WARN_ABOUT_RETURN_TYPE = YES_ERROR;
				GCC_WARN_UNDECLARED_SELECTOR = YES;
				GCC_WARN_UNINITIALIZED_AUTOS = YES_AGGRESSIVE;
				GCC_WARN_UNUSED_FUNCTION = YES;
				GCC_WARN_UNUSED_VARIABLE = YES;
				IPHONEOS_DEPLOYMENT_TARGET = 15.0;
				MTL_ENABLE_DEBUG_INFO = NO;
				MTL_FAST_MATH = YES;
				PRODUCT_NAME = "$(TARGET_NAME)";
				SDKROOT = iphoneos;
				SWIFT_COMPILATION_MODE = wholemodule;
				SWIFT_OPTIMIZATION_LEVEL = "-O";
				SWIFT_VERSION = 5.0;
			};
			name = Release;
		};
		AAB34E6736F48F2229A1F246 /* Release */ = {
			isa = XCBuildConfiguration;
			buildSettings = {
				BUNDLE_LOADER = "$(TEST_HOST)";
				GENERATE_INFOPLIST_FILE = YES;
				LD_RUNPATH_SEARCH_PATHS = (
					"$(inherited)",
					"@executable_path/Frameworks",
					"@loader_path/Frameworks",
				);
				PRODUCT_BUNDLE_IDENTIFIER = com.taotaoxiaoshuo.PureVoiceTests;
				SDKROOT = iphoneos;
				SWIFT_VERSION = 6.0;
				TARGETED_DEVICE_FAMILY = "1,2";
				TEST_HOST = "$(BUILT_PRODUCTS_DIR)/PureVoice.app/PureVoice";
			};
			name = Release;
		};
		D36AC6618A0B144DDA802B9A /* Debug */ = {
			isa = XCBuildConfiguration;
			buildSettings = {
				BUNDLE_LOADER = "$(TEST_HOST)";
				GENERATE_INFOPLIST_FILE = YES;
				LD_RUNPATH_SEARCH_PATHS = (
					"$(inherited)",
					"@executable_path/Frameworks",
					"@loader_path/Frameworks",
				);
				PRODUCT_BUNDLE_IDENTIFIER = com.taotaoxiaoshuo.PureVoiceTests;
				SDKROOT = iphoneos;
				SWIFT_VERSION = 6.0;
				TARGETED_DEVICE_FAMILY = "1,2";
				TEST_HOST = "$(BUILT_PRODUCTS_DIR)/PureVoice.app/PureVoice";
			};
			name = Debug;
		};
		D7D9CA3FC128BC0736F344C5 /* Release */ = {
			isa = XCBuildConfiguration;
			buildSettings = {
				ASSETCATALOG_COMPILER_APPICON_NAME = "";
				CODE_SIGN_IDENTITY = "iPhone Developer";
				INFOPLIST_FILE = PureVoice/Resources/Info.plist;
				LD_RUNPATH_SEARCH_PATHS = (
					"$(inherited)",
					"@executable_path/Frameworks",
				);
				PRODUCT_BUNDLE_IDENTIFIER = com.taotaoxiaoshuo.purevoice;
				SDKROOT = iphoneos;
				SWIFT_VERSION = 6.0;
				TARGETED_DEVICE_FAMILY = "1,2";
			};
			name = Release;
		};
		F5F8BAEE4E06713EF203499B /* Debug */ = {
			isa = XCBuildConfiguration;
			buildSettings = {
				ALWAYS_SEARCH_USER_PATHS = NO;
				CLANG_ANALYZER_NONNULL = YES;
				CLANG_ANALYZER_NUMBER_OBJECT_CONVERSION = YES_AGGRESSIVE;
				CLANG_CXX_LANGUAGE_STANDARD = "gnu++14";
				CLANG_CXX_LIBRARY = "libc++";
				CLANG_ENABLE_MODULES = YES;
				CLANG_ENABLE_OBJC_ARC = YES;
				CLANG_ENABLE_OBJC_WEAK = YES;
				CLANG_WARN_BLOCK_CAPTURE_AUTORELEASING = YES;
				CLANG_WARN_BOOL_CONVERSION = YES;
				CLANG_WARN_COMMA = YES;
				CLANG_WARN_CONSTANT_CONVERSION = YES;
				CLANG_WARN_DEPRECATED_OBJC_IMPLEMENTATIONS = YES;
				CLANG_WARN_DIRECT_OBJC_ISA_USAGE = YES_ERROR;
				CLANG_WARN_DOCUMENTATION_COMMENTS = YES;
				CLANG_WARN_EMPTY_BODY = YES;
				CLANG_WARN_ENUM_CONVERSION = YES;
				CLANG_WARN_INFINITE_RECURSION = YES;
				CLANG_WARN_INT_CONVERSION = YES;
				CLANG_WARN_NON_LITERAL_NULL_CONVERSION = YES;
				CLANG_WARN_OBJC_IMPLICIT_RETAIN_SELF = YES;
				CLANG_WARN_OBJC_LITERAL_CONVERSION = YES;
				CLANG_WARN_OBJC_ROOT_CLASS = YES_ERROR;
				CLANG_WARN_QUOTED_INCLUDE_IN_FRAMEWORK_HEADER = YES;
				CLANG_WARN_RANGE_LOOP_ANALYSIS = YES;
				CLANG_WARN_STRICT_PROTOTYPES = YES;
				CLANG_WARN_SUSPICIOUS_MOVE = YES;
				CLANG_WARN_UNGUARDED_AVAILABILITY = YES_AGGRESSIVE;
				CLANG_WARN_UNREACHABLE_CODE = YES;
				CLANG_WARN__DUPLICATE_METHOD_MATCH = YES;
				COPY_PHASE_STRIP = NO;
				DEBUG_INFORMATION_FORMAT = dwarf;
				ENABLE_STRICT_OBJC_MSGSEND = YES;
				ENABLE_TESTABILITY = YES;
				GCC_C_LANGUAGE_STANDARD = gnu11;
				GCC_DYNAMIC_NO_PIC = NO;
				GCC_NO_COMMON_BLOCKS = YES;
				GCC_OPTIMIZATION_LEVEL = 0;
				GCC_PREPROCESSOR_DEFINITIONS = (
					"$(inherited)",
					"DEBUG=1",
				);
				GCC_WARN_64_TO_32_BIT_CONVERSION = YES;
				GCC_WARN_ABOUT_RETURN_TYPE = YES_ERROR;
				GCC_WARN_UNDECLARED_SELECTOR = YES;
				GCC_WARN_UNINITIALIZED_AUTOS = YES_AGGRESSIVE;
				GCC_WARN_UNUSED_FUNCTION = YES;
				GCC_WARN_UNUSED_VARIABLE = YES;
				IPHONEOS_DEPLOYMENT_TARGET = 15.0;
				MTL_ENABLE_DEBUG_INFO = INCLUDE_SOURCE;
				MTL_FAST_MATH = YES;
				ONLY_ACTIVE_ARCH = YES;
				PRODUCT_NAME = "$(TARGET_NAME)";
				SDKROOT = iphoneos;
				SWIFT_ACTIVE_COMPILATION_CONDITIONS = DEBUG;
				SWIFT_OPTIMIZATION_LEVEL = "-Onone";
				SWIFT_VERSION = 5.0;
			};
			name = Debug;
		};
/* End XCBuildConfiguration section */

/* Begin XCConfigurationList section */
		122A433C07E1223EFF5D3D01 /* Build configuration list for PBXNativeTarget "PureVoiceTests" */ = {
			isa = XCConfigurationList;
			buildConfigurations = (
				D36AC6618A0B144DDA802B9A /* Debug */,
				AAB34E6736F48F2229A1F246 /* Release */,
			);
			defaultConfigurationIsVisible = 0;
			defaultConfigurationName = Debug;
		};
		7C3E5D063C8B5AE358E146C7 /* Build configuration list for PBXProject "PureVoice" */ = {
			isa = XCConfigurationList;
			buildConfigurations = (
				F5F8BAEE4E06713EF203499B /* Debug */,
				76787EAA305D8AEE990E530C /* Release */,
			);
			defaultConfigurationIsVisible = 0;
			defaultConfigurationName = Debug;
		};
		DB846F7A419E4E4ED4A3984E /* Build configuration list for PBXNativeTarget "PureVoiceUITests" */ = {
			isa = XCConfigurationList;
			buildConfigurations = (
				1231CF3242B6EFFE5193CE4E /* Debug */,
				47824A63908EE310FEE0BD7A /* Release */,
			);
			defaultConfigurationIsVisible = 0;
			defaultConfigurationName = Debug;
		};
		E66E5FD0A6C32AB7DB89F9C6 /* Build configuration list for PBXNativeTarget "PureVoice" */ = {
			isa = XCConfigurationList;
			buildConfigurations = (
				483B4AA6F37B7386741F5316 /* Debug */,
				D7D9CA3FC128BC0736F344C5 /* Release */,
			);
			defaultConfigurationIsVisible = 0;
			defaultConfigurationName = Debug;
		};
/* End XCConfigurationList section */

/* Begin XCRemoteSwiftPackageReference section */
		831243CA705B2F21B9918598 /* XCRemoteSwiftPackageReference "swift-toolkit" */ = {
			isa = XCRemoteSwiftPackageReference;
			repositoryURL = "https://github.com/readium/swift-toolkit.git";
			requirement = {
				kind = exactVersion;
				version = 3.8.0;
			};
		};
		E493B7D4BF13F5096385B1B5 /* XCRemoteSwiftPackageReference "ZIPFoundation" */ = {
			isa = XCRemoteSwiftPackageReference;
			repositoryURL = "https://github.com/readium/ZIPFoundation.git";
			requirement = {
				kind = exactVersion;
				version = 3.0.1;
			};
		};
/* End XCRemoteSwiftPackageReference section */

/* Begin XCSwiftPackageProductDependency section */
		01A5DF0FE938A5E4FA221F7A /* ReadiumZIPFoundation */ = {
			isa = XCSwiftPackageProductDependency;
			package = E493B7D4BF13F5096385B1B5 /* XCRemoteSwiftPackageReference "ZIPFoundation" */;
			productName = ReadiumZIPFoundation;
		};
		2F4B84C5552249F413E0DB2F /* ReadiumNavigator */ = {
			isa = XCSwiftPackageProductDependency;
			package = 831243CA705B2F21B9918598 /* XCRemoteSwiftPackageReference "swift-toolkit" */;
			productName = ReadiumNavigator;
		};
		36F09C703D66AC7B4F8BDC8B /* ReadiumShared */ = {
			isa = XCSwiftPackageProductDependency;
			package = 831243CA705B2F21B9918598 /* XCRemoteSwiftPackageReference "swift-toolkit" */;
			productName = ReadiumShared;
		};
		493F4F402A81CBF0E56BAAE7 /* ReadiumStreamer */ = {
			isa = XCSwiftPackageProductDependency;
			package = 831243CA705B2F21B9918598 /* XCRemoteSwiftPackageReference "swift-toolkit" */;
			productName = ReadiumStreamer;
		};
/* End XCSwiftPackageProductDependency section */
	};
	rootObject = B108EC47E26CB0CD34A0444B /* Project object */;
}
